PODS:
  - KeychainAccess (4.2.1)
  - ReachabilitySwift (5.0.0)
  - Reveal-SDK (26)

DEPENDENCIES:
  - KeychainAccess (~> 4.2)
  - ReachabilitySwift (~> 5.0)
  - Reveal-SDK

SPEC REPOS:
  trunk:
    - KeychainAccess
    - ReachabilitySwift
    - Reveal-SDK

SPEC CHECKSUMS:
  KeychainAccess: 9b07f665298d13c3a85881bd3171f6f49b8151c1
  ReachabilitySwift: 985039c6f7b23a1da463388634119492ff86c825
  Reveal-SDK: 5f94f14aff3d5f2a49f246edcd266fa4472679e9

PODFILE CHECKSUM: 13232a5631f53317bb50f840414a1380f3ac7614

COCOAPODS: 1.9.3
